{
  "name": "cn",
  "version": "1.0.0",
  "lockfileVersion": 3,
  "requires": true,
  "packages": {
    "": {
      "name": "cn",
      "version": "1.0.0",
      "license": "ISC",
      "dependencies": {
        "currency-in-words": "^2.3.4",
        "to-words": "^3.6.1"
      }
    },
    "node_modules/currency-in-words": {
      "version": "2.3.4",
      "resolved": "https://registry.npmjs.org/currency-in-words/-/currency-in-words-2.3.4.tgz",
      "integrity": "sha512-R4ZTdD8XtyeJJlAolI9GdTvJMHryCzQcoBUsMPesQCvcqZdsIq0GabJFD/uRz2ZL/UpN68WIDZp4HLpTosyAFA=="
    },
    "node_modules/to-words": {
      "version": "3.6.1",
      "resolved": "https://registry.npmjs.org/to-words/-/to-words-3.6.1.tgz",
      "integrity": "sha512-X2KDRjBXM0bQ4eTblqNnVfIBGEwhSClR3eWubD6B7gY29vh1k+ntQGSaShwgrsQT3Akt/tbIjKkn8mMOYHihnw==",
      "engines": {
        "node": ">=12.0.0"
      }
    }
  }
}
